
Microsoft Visual Studio Solution File, Format Version 12.00
# Visual Studio Version 17
VisualStudioVersion = 17.14.36327.8
MinimumVisualStudioVersion = 10.0.40219.1
Project("{FAE04EC0-301F-11D3-BF4B-00C04F79EFBC}") = "FlappyBirdAPI", "Flappy Bird API\FlappyBirdAPI.csproj", "{40EF5FD3-17B0-44B9-A4A9-3AB15BFECCA2}"
EndProject
Global
	GlobalSection(SolutionConfigurationPlatforms) = preSolution
		Debug|Any CPU = Debug|Any CPU
		Release|Any CPU = Release|Any CPU
	EndGlobalSection
	GlobalSection(ProjectConfigurationPlatforms) = postSolution
		{40EF5FD3-17B0-44B9-A4A9-3AB15BFECCA2}.Debug|Any CPU.ActiveCfg = Debug|Any CPU
		{40EF5FD3-17B0-44B9-A4A9-3AB15BFECCA2}.Debug|Any CPU.Build.0 = Debug|Any CPU
		{40EF5FD3-17B0-44B9-A4A9-3AB15BFECCA2}.Release|Any CPU.ActiveCfg = Release|Any CPU
		{40EF5FD3-17B0-44B9-A4A9-3AB15BFECCA2}.Release|Any CPU.Build.0 = Release|Any CPU
	EndGlobalSection
	GlobalSection(SolutionProperties) = preSolution
		HideSolutionNode = FALSE
	EndGlobalSection
	GlobalSection(ExtensibilityGlobals) = postSolution
		SolutionGuid = {2EFDD500-D181-412D-B093-14AED4051D2D}
	EndGlobalSection
EndGlobal
